
Microsoft Visual Studio Solution File, Format Version 12.00
# Visual Studio Version 16
VisualStudioVersion = 16.0.30204.135
MinimumVisualStudioVersion = 10.0.40219.1
Project("{8BC9CEB8-8B4A-11D0-8D11-00A0C91BC942}") = "C", "C\C.vcxproj", "{7AAB12A2-2558-4153-9DF4-27CF71271ABA}"
EndProject
Global
	GlobalSection(SolutionConfigurationPlatforms) = preSolution
		Debug|x64 = Debug|x64
		Debug|x86 = Debug|x86
		Release|x64 = Release|x64
		Release|x86 = Release|x86
	EndGlobalSection
	GlobalSection(ProjectConfigurationPlatforms) = postSolution
		{7AAB12A2-2558-4153-9DF4-27CF71271ABA}.Debug|x64.ActiveCfg = Debug|x64
		{7AAB12A2-2558-4153-9DF4-27CF71271ABA}.Debug|x64.Build.0 = Debug|x64
		{7AAB12A2-2558-4153-9DF4-27CF71271ABA}.Debug|x86.ActiveCfg = Debug|Win32
		{7AAB12A2-2558-4153-9DF4-27CF71271ABA}.Debug|x86.Build.0 = Debug|Win32
		{7AAB12A2-2558-4153-9DF4-27CF71271ABA}.Release|x64.ActiveCfg = Release|x64
		{7AAB12A2-2558-4153-9DF4-27CF71271ABA}.Release|x64.Build.0 = Release|x64
		{7AAB12A2-2558-4153-9DF4-27CF71271ABA}.Release|x86.ActiveCfg = Release|Win32
		{7AAB12A2-2558-4153-9DF4-27CF71271ABA}.Release|x86.Build.0 = Release|Win32
	EndGlobalSection
	GlobalSection(SolutionProperties) = preSolution
		HideSolutionNode = FALSE
	EndGlobalSection
	GlobalSection(ExtensibilityGlobals) = postSolution
		SolutionGuid = {2772E4B5-65E6-4D3C-AAC1-195C915DF925}
	EndGlobalSection
EndGlobal
