
Microsoft Visual Studio Solution File, Format Version 12.00
# Visual Studio Version 16
VisualStudioVersion = 16.0.30204.135
MinimumVisualStudioVersion = 10.0.40219.1
Project("{8BC9CEB8-8B4A-11D0-8D11-00A0C91BC942}") = "L", "L\L.vcxproj", "{5E2C4812-EEFD-4036-8D61-3142C90B9023}"
EndProject
Global
	GlobalSection(SolutionConfigurationPlatforms) = preSolution
		Debug|x64 = Debug|x64
		Debug|x86 = Debug|x86
		Release|x64 = Release|x64
		Release|x86 = Release|x86
	EndGlobalSection
	GlobalSection(ProjectConfigurationPlatforms) = postSolution
		{5E2C4812-EEFD-4036-8D61-3142C90B9023}.Debug|x64.ActiveCfg = Debug|x64
		{5E2C4812-EEFD-4036-8D61-3142C90B9023}.Debug|x64.Build.0 = Debug|x64
		{5E2C4812-EEFD-4036-8D61-3142C90B9023}.Debug|x86.ActiveCfg = Debug|Win32
		{5E2C4812-EEFD-4036-8D61-3142C90B9023}.Debug|x86.Build.0 = Debug|Win32
		{5E2C4812-EEFD-4036-8D61-3142C90B9023}.Release|x64.ActiveCfg = Release|x64
		{5E2C4812-EEFD-4036-8D61-3142C90B9023}.Release|x64.Build.0 = Release|x64
		{5E2C4812-EEFD-4036-8D61-3142C90B9023}.Release|x86.ActiveCfg = Release|Win32
		{5E2C4812-EEFD-4036-8D61-3142C90B9023}.Release|x86.Build.0 = Release|Win32
	EndGlobalSection
	GlobalSection(SolutionProperties) = preSolution
		HideSolutionNode = FALSE
	EndGlobalSection
	GlobalSection(ExtensibilityGlobals) = postSolution
		SolutionGuid = {530A75A1-9837-4E77-A3AD-A0CEF3D8E82A}
	EndGlobalSection
EndGlobal
