
Microsoft Visual Studio Solution File, Format Version 12.00
# Visual Studio Version 16
VisualStudioVersion = 16.0.30204.135
MinimumVisualStudioVersion = 10.0.40219.1
Project("{8BC9CEB8-8B4A-11D0-8D11-00A0C91BC942}") = "1060-C", "1060-C\1060-C.vcxproj", "{93203161-76A9-4046-98C4-142EDD15ECDD}"
EndProject
Global
	GlobalSection(SolutionConfigurationPlatforms) = preSolution
		Debug|x64 = Debug|x64
		Debug|x86 = Debug|x86
		Release|x64 = Release|x64
		Release|x86 = Release|x86
	EndGlobalSection
	GlobalSection(ProjectConfigurationPlatforms) = postSolution
		{93203161-76A9-4046-98C4-142EDD15ECDD}.Debug|x64.ActiveCfg = Debug|x64
		{93203161-76A9-4046-98C4-142EDD15ECDD}.Debug|x64.Build.0 = Debug|x64
		{93203161-76A9-4046-98C4-142EDD15ECDD}.Debug|x86.ActiveCfg = Debug|Win32
		{93203161-76A9-4046-98C4-142EDD15ECDD}.Debug|x86.Build.0 = Debug|Win32
		{93203161-76A9-4046-98C4-142EDD15ECDD}.Release|x64.ActiveCfg = Release|x64
		{93203161-76A9-4046-98C4-142EDD15ECDD}.Release|x64.Build.0 = Release|x64
		{93203161-76A9-4046-98C4-142EDD15ECDD}.Release|x86.ActiveCfg = Release|Win32
		{93203161-76A9-4046-98C4-142EDD15ECDD}.Release|x86.Build.0 = Release|Win32
	EndGlobalSection
	GlobalSection(SolutionProperties) = preSolution
		HideSolutionNode = FALSE
	EndGlobalSection
	GlobalSection(ExtensibilityGlobals) = postSolution
		SolutionGuid = {170928CC-CDA8-4329-B9ED-73A385C1AF15}
	EndGlobalSection
EndGlobal
