
Microsoft Visual Studio Solution File, Format Version 12.00
# Visual Studio Version 16
VisualStudioVersion = 16.0.30204.135
MinimumVisualStudioVersion = 10.0.40219.1
Project("{8BC9CEB8-8B4A-11D0-8D11-00A0C91BC942}") = "1735-C", "1735-C\1735-C.vcxproj", "{34DF66C4-AE82-4B18-89AF-6C7F5589E9E4}"
EndProject
Global
	GlobalSection(SolutionConfigurationPlatforms) = preSolution
		Debug|x64 = Debug|x64
		Debug|x86 = Debug|x86
		Release|x64 = Release|x64
		Release|x86 = Release|x86
	EndGlobalSection
	GlobalSection(ProjectConfigurationPlatforms) = postSolution
		{34DF66C4-AE82-4B18-89AF-6C7F5589E9E4}.Debug|x64.ActiveCfg = Debug|x64
		{34DF66C4-AE82-4B18-89AF-6C7F5589E9E4}.Debug|x64.Build.0 = Debug|x64
		{34DF66C4-AE82-4B18-89AF-6C7F5589E9E4}.Debug|x86.ActiveCfg = Debug|Win32
		{34DF66C4-AE82-4B18-89AF-6C7F5589E9E4}.Debug|x86.Build.0 = Debug|Win32
		{34DF66C4-AE82-4B18-89AF-6C7F5589E9E4}.Release|x64.ActiveCfg = Release|x64
		{34DF66C4-AE82-4B18-89AF-6C7F5589E9E4}.Release|x64.Build.0 = Release|x64
		{34DF66C4-AE82-4B18-89AF-6C7F5589E9E4}.Release|x86.ActiveCfg = Release|Win32
		{34DF66C4-AE82-4B18-89AF-6C7F5589E9E4}.Release|x86.Build.0 = Release|Win32
	EndGlobalSection
	GlobalSection(SolutionProperties) = preSolution
		HideSolutionNode = FALSE
	EndGlobalSection
	GlobalSection(ExtensibilityGlobals) = postSolution
		SolutionGuid = {1D197F98-A265-4EBD-B8A1-7C20094B3E9A}
	EndGlobalSection
EndGlobal
