
Microsoft Visual Studio Solution File, Format Version 12.00
# Visual Studio Version 16
VisualStudioVersion = 16.0.30204.135
MinimumVisualStudioVersion = 10.0.40219.1
Project("{8BC9CEB8-8B4A-11D0-8D11-00A0C91BC942}") = "P - Independent Set", "P - Independent Set\P - Independent Set.vcxproj", "{9BD9080D-74E6-48CF-9502-4E3972ED1C58}"
EndProject
Global
	GlobalSection(SolutionConfigurationPlatforms) = preSolution
		Debug|x64 = Debug|x64
		Debug|x86 = Debug|x86
		Release|x64 = Release|x64
		Release|x86 = Release|x86
	EndGlobalSection
	GlobalSection(ProjectConfigurationPlatforms) = postSolution
		{9BD9080D-74E6-48CF-9502-4E3972ED1C58}.Debug|x64.ActiveCfg = Debug|x64
		{9BD9080D-74E6-48CF-9502-4E3972ED1C58}.Debug|x64.Build.0 = Debug|x64
		{9BD9080D-74E6-48CF-9502-4E3972ED1C58}.Debug|x86.ActiveCfg = Debug|Win32
		{9BD9080D-74E6-48CF-9502-4E3972ED1C58}.Debug|x86.Build.0 = Debug|Win32
		{9BD9080D-74E6-48CF-9502-4E3972ED1C58}.Release|x64.ActiveCfg = Release|x64
		{9BD9080D-74E6-48CF-9502-4E3972ED1C58}.Release|x64.Build.0 = Release|x64
		{9BD9080D-74E6-48CF-9502-4E3972ED1C58}.Release|x86.ActiveCfg = Release|Win32
		{9BD9080D-74E6-48CF-9502-4E3972ED1C58}.Release|x86.Build.0 = Release|Win32
	EndGlobalSection
	GlobalSection(SolutionProperties) = preSolution
		HideSolutionNode = FALSE
	EndGlobalSection
	GlobalSection(ExtensibilityGlobals) = postSolution
		SolutionGuid = {63B80E16-2D6E-469A-B8EA-B127FF6DB9BF}
	EndGlobalSection
EndGlobal
